
Microsoft Visual Studio Solution File, Format Version 12.00
# Visual Studio Version 16
VisualStudioVersion = 16.0.29519.181
MinimumVisualStudioVersion = 10.0.40219.1
Project("{2150E333-8FDC-42A3-9474-1A3956D46DE8}") = "1_Creational", "1_Creational", "{DB824EDA-093A-4822-8765-565C283BA1D5}"
EndProject
Project("{9A19103F-16F7-4668-BE54-9A1E7A4F7556}") = "1_FactoryMethod", "1_Creational\1_FactoryMethod\1_FactoryMethod.csproj", "{A97BD217-2C15-458D-ACB9-6F7511B153B3}"
EndProject
Project("{9A19103F-16F7-4668-BE54-9A1E7A4F7556}") = "2_AbstractFactory", "1_Creational\2_AbstractFactory\2_AbstractFactory.csproj", "{D9075755-DE14-4341-9B62-4D9B65316556}"
EndProject
Project("{9A19103F-16F7-4668-BE54-9A1E7A4F7556}") = "3_Singleton", "1_Creational\3_Singleton\3_Singleton.csproj", "{0B03B3E8-72A2-49D1-BAAB-AB169239051B}"
EndProject
Project("{9A19103F-16F7-4668-BE54-9A1E7A4F7556}") = "4_Prototype", "1_Creational\4_Prototype\4_Prototype.csproj", "{7B7B6708-588C-4E8A-B6DD-531C3854EA90}"
EndProject
Project("{9A19103F-16F7-4668-BE54-9A1E7A4F7556}") = "5_Builder", "1_Creational\5_Builder\5_Builder.csproj", "{E729181B-D9D4-4B72-A007-580736FFCF4F}"
EndProject
Project("{2150E333-8FDC-42A3-9474-1A3956D46DE8}") = "2_Structural", "2_Structural", "{5F57FE97-A536-423A-90F8-C89AE6775C8A}"
EndProject
Project("{9A19103F-16F7-4668-BE54-9A1E7A4F7556}") = "1_Adapter", "2_Structural\1_Adapter\1_Adapter.csproj", "{5DD6726A-F06D-43C0-B14F-33CA4FC2A66B}"
EndProject
Project("{9A19103F-16F7-4668-BE54-9A1E7A4F7556}") = "2_Bridge", "2_Structural\2_Bridge\2_Bridge.csproj", "{18ADC592-CD19-442A-BCE0-960C2419649F}"
EndProject
Project("{9A19103F-16F7-4668-BE54-9A1E7A4F7556}") = "3_Composite", "2_Structural\3_Composite\3_Composite.csproj", "{9DB77582-7751-4E28-805A-8BA87ABD1DFE}"
EndProject
Project("{9A19103F-16F7-4668-BE54-9A1E7A4F7556}") = "4_Decorator", "2_Structural\4_Decorator\4_Decorator.csproj", "{06FC087F-8854-48CA-A206-4A71CB8C68BC}"
EndProject
Project("{9A19103F-16F7-4668-BE54-9A1E7A4F7556}") = "5_Facade", "2_Structural\5_Facade\5_Facade.csproj", "{267541A3-C39F-4743-9419-906C4369B964}"
EndProject
Project("{9A19103F-16F7-4668-BE54-9A1E7A4F7556}") = "6_Flyweight", "2_Structural\6_Flyweight\6_Flyweight.csproj", "{2B7CE6BA-D616-47CA-8CAD-C09A0E6EC3F7}"
EndProject
Project("{9A19103F-16F7-4668-BE54-9A1E7A4F7556}") = "7_Proxy", "2_Structural\7_Proxy\7_Proxy.csproj", "{2AE55CB2-FB08-488B-8FE8-5407A76F3F56}"
EndProject
Project("{2150E333-8FDC-42A3-9474-1A3956D46DE8}") = "3_Behavioral", "3_Behavioral", "{56A6B739-7BB8-415B-954C-1C95686406CE}"
EndProject
Project("{9A19103F-16F7-4668-BE54-9A1E7A4F7556}") = "1_ChainOfResponsibility", "3_Behavioral\1_ChainOfResponsibility\1_ChainOfResponsibility.csproj", "{014E4FAA-256B-44F8-80C2-37DA05540A3C}"
EndProject
Project("{9A19103F-16F7-4668-BE54-9A1E7A4F7556}") = "2_Command", "3_Behavioral\2_Command\2_Command.csproj", "{97C2E92A-1F1B-4428-A60F-ACE6DB466AAF}"
EndProject
Project("{9A19103F-16F7-4668-BE54-9A1E7A4F7556}") = "3_Interpreter", "3_Behavioral\3_Interpreter\3_Interpreter.csproj", "{9FE38BDB-F72B-4EB3-AD46-CDABE3D598C8}"
EndProject
Project("{9A19103F-16F7-4668-BE54-9A1E7A4F7556}") = "4_Mediator", "3_Behavioral\4_Mediator\4_Mediator.csproj", "{FF2C7B1F-8234-4E79-8D06-7E0DEEC12E03}"
EndProject
Project("{9A19103F-16F7-4668-BE54-9A1E7A4F7556}") = "5_Memento", "3_Behavioral\5_Memento\5_Memento.csproj", "{85BDFC35-90D4-46BF-84A3-6FA752713A59}"
EndProject
Project("{9A19103F-16F7-4668-BE54-9A1E7A4F7556}") = "6_Observer", "3_Behavioral\6_Observer\6_Observer.csproj", "{F936E4EC-8FCD-44D4-B6D9-F44AFDB0B044}"
EndProject
Project("{9A19103F-16F7-4668-BE54-9A1E7A4F7556}") = "7_State", "3_Behavioral\7_State\7_State.csproj", "{C66BFF94-D6F3-47AD-8F85-C7043794548D}"
EndProject
Project("{9A19103F-16F7-4668-BE54-9A1E7A4F7556}") = "8_Strategy", "3_Behavioral\8_Strategy\8_Strategy.csproj", "{7EC41F7F-06C6-4CE3-915D-0A3EC77D34E6}"
EndProject
Project("{9A19103F-16F7-4668-BE54-9A1E7A4F7556}") = "9_TemplateMethod", "3_Behavioral\9_TemplateMethod\9_TemplateMethod.csproj", "{73178765-FB5B-4D34-B5AD-D3B322DB088B}"
EndProject
Project("{9A19103F-16F7-4668-BE54-9A1E7A4F7556}") = "10_Visitor", "3_Behavioral\10_Visitor\10_Visitor.csproj", "{872D66A0-E0E1-468D-8746-8AA0FC6C04A8}"
EndProject
Project("{9A19103F-16F7-4668-BE54-9A1E7A4F7556}") = "11_Iterator", "3_Behavioral\11_Iterator\11_Iterator.csproj", "{913F8E89-0432-4F09-9455-F9CF8DD9235D}"
EndProject
Global
	GlobalSection(SolutionConfigurationPlatforms) = preSolution
		Debug|Any CPU = Debug|Any CPU
		Release|Any CPU = Release|Any CPU
	EndGlobalSection
	GlobalSection(ProjectConfigurationPlatforms) = postSolution
		{A97BD217-2C15-458D-ACB9-6F7511B153B3}.Debug|Any CPU.ActiveCfg = Debug|Any CPU
		{A97BD217-2C15-458D-ACB9-6F7511B153B3}.Debug|Any CPU.Build.0 = Debug|Any CPU
		{A97BD217-2C15-458D-ACB9-6F7511B153B3}.Release|Any CPU.ActiveCfg = Release|Any CPU
		{A97BD217-2C15-458D-ACB9-6F7511B153B3}.Release|Any CPU.Build.0 = Release|Any CPU
		{D9075755-DE14-4341-9B62-4D9B65316556}.Debug|Any CPU.ActiveCfg = Debug|Any CPU
		{D9075755-DE14-4341-9B62-4D9B65316556}.Debug|Any CPU.Build.0 = Debug|Any CPU
		{D9075755-DE14-4341-9B62-4D9B65316556}.Release|Any CPU.ActiveCfg = Release|Any CPU
		{D9075755-DE14-4341-9B62-4D9B65316556}.Release|Any CPU.Build.0 = Release|Any CPU
		{0B03B3E8-72A2-49D1-BAAB-AB169239051B}.Debug|Any CPU.ActiveCfg = Debug|Any CPU
		{0B03B3E8-72A2-49D1-BAAB-AB169239051B}.Debug|Any CPU.Build.0 = Debug|Any CPU
		{0B03B3E8-72A2-49D1-BAAB-AB169239051B}.Release|Any CPU.ActiveCfg = Release|Any CPU
		{0B03B3E8-72A2-49D1-BAAB-AB169239051B}.Release|Any CPU.Build.0 = Release|Any CPU
		{7B7B6708-588C-4E8A-B6DD-531C3854EA90}.Debug|Any CPU.ActiveCfg = Debug|Any CPU
		{7B7B6708-588C-4E8A-B6DD-531C3854EA90}.Debug|Any CPU.Build.0 = Debug|Any CPU
		{7B7B6708-588C-4E8A-B6DD-531C3854EA90}.Release|Any CPU.ActiveCfg = Release|Any CPU
		{7B7B6708-588C-4E8A-B6DD-531C3854EA90}.Release|Any CPU.Build.0 = Release|Any CPU
		{E729181B-D9D4-4B72-A007-580736FFCF4F}.Debug|Any CPU.ActiveCfg = Debug|Any CPU
		{E729181B-D9D4-4B72-A007-580736FFCF4F}.Debug|Any CPU.Build.0 = Debug|Any CPU
		{E729181B-D9D4-4B72-A007-580736FFCF4F}.Release|Any CPU.ActiveCfg = Release|Any CPU
		{E729181B-D9D4-4B72-A007-580736FFCF4F}.Release|Any CPU.Build.0 = Release|Any CPU
		{5DD6726A-F06D-43C0-B14F-33CA4FC2A66B}.Debug|Any CPU.ActiveCfg = Debug|Any CPU
		{5DD6726A-F06D-43C0-B14F-33CA4FC2A66B}.Debug|Any CPU.Build.0 = Debug|Any CPU
		{5DD6726A-F06D-43C0-B14F-33CA4FC2A66B}.Release|Any CPU.ActiveCfg = Release|Any CPU
		{5DD6726A-F06D-43C0-B14F-33CA4FC2A66B}.Release|Any CPU.Build.0 = Release|Any CPU
		{18ADC592-CD19-442A-BCE0-960C2419649F}.Debug|Any CPU.ActiveCfg = Debug|Any CPU
		{18ADC592-CD19-442A-BCE0-960C2419649F}.Debug|Any CPU.Build.0 = Debug|Any CPU
		{18ADC592-CD19-442A-BCE0-960C2419649F}.Release|Any CPU.ActiveCfg = Release|Any CPU
		{18ADC592-CD19-442A-BCE0-960C2419649F}.Release|Any CPU.Build.0 = Release|Any CPU
		{9DB77582-7751-4E28-805A-8BA87ABD1DFE}.Debug|Any CPU.ActiveCfg = Debug|Any CPU
		{9DB77582-7751-4E28-805A-8BA87ABD1DFE}.Debug|Any CPU.Build.0 = Debug|Any CPU
		{9DB77582-7751-4E28-805A-8BA87ABD1DFE}.Release|Any CPU.ActiveCfg = Release|Any CPU
		{9DB77582-7751-4E28-805A-8BA87ABD1DFE}.Release|Any CPU.Build.0 = Release|Any CPU
		{06FC087F-8854-48CA-A206-4A71CB8C68BC}.Debug|Any CPU.ActiveCfg = Debug|Any CPU
		{06FC087F-8854-48CA-A206-4A71CB8C68BC}.Debug|Any CPU.Build.0 = Debug|Any CPU
		{06FC087F-8854-48CA-A206-4A71CB8C68BC}.Release|Any CPU.ActiveCfg = Release|Any CPU
		{06FC087F-8854-48CA-A206-4A71CB8C68BC}.Release|Any CPU.Build.0 = Release|Any CPU
		{267541A3-C39F-4743-9419-906C4369B964}.Debug|Any CPU.ActiveCfg = Debug|Any CPU
		{267541A3-C39F-4743-9419-906C4369B964}.Debug|Any CPU.Build.0 = Debug|Any CPU
		{267541A3-C39F-4743-9419-906C4369B964}.Release|Any CPU.ActiveCfg = Release|Any CPU
		{267541A3-C39F-4743-9419-906C4369B964}.Release|Any CPU.Build.0 = Release|Any CPU
		{2B7CE6BA-D616-47CA-8CAD-C09A0E6EC3F7}.Debug|Any CPU.ActiveCfg = Debug|Any CPU
		{2B7CE6BA-D616-47CA-8CAD-C09A0E6EC3F7}.Debug|Any CPU.Build.0 = Debug|Any CPU
		{2B7CE6BA-D616-47CA-8CAD-C09A0E6EC3F7}.Release|Any CPU.ActiveCfg = Release|Any CPU
		{2B7CE6BA-D616-47CA-8CAD-C09A0E6EC3F7}.Release|Any CPU.Build.0 = Release|Any CPU
		{2AE55CB2-FB08-488B-8FE8-5407A76F3F56}.Debug|Any CPU.ActiveCfg = Debug|Any CPU
		{2AE55CB2-FB08-488B-8FE8-5407A76F3F56}.Debug|Any CPU.Build.0 = Debug|Any CPU
		{2AE55CB2-FB08-488B-8FE8-5407A76F3F56}.Release|Any CPU.ActiveCfg = Release|Any CPU
		{2AE55CB2-FB08-488B-8FE8-5407A76F3F56}.Release|Any CPU.Build.0 = Release|Any CPU
		{014E4FAA-256B-44F8-80C2-37DA05540A3C}.Debug|Any CPU.ActiveCfg = Debug|Any CPU
		{014E4FAA-256B-44F8-80C2-37DA05540A3C}.Debug|Any CPU.Build.0 = Debug|Any CPU
		{014E4FAA-256B-44F8-80C2-37DA05540A3C}.Release|Any CPU.ActiveCfg = Release|Any CPU
		{014E4FAA-256B-44F8-80C2-37DA05540A3C}.Release|Any CPU.Build.0 = Release|Any CPU
		{97C2E92A-1F1B-4428-A60F-ACE6DB466AAF}.Debug|Any CPU.ActiveCfg = Debug|Any CPU
		{97C2E92A-1F1B-4428-A60F-ACE6DB466AAF}.Debug|Any CPU.Build.0 = Debug|Any CPU
		{97C2E92A-1F1B-4428-A60F-ACE6DB466AAF}.Release|Any CPU.ActiveCfg = Release|Any CPU
		{97C2E92A-1F1B-4428-A60F-ACE6DB466AAF}.Release|Any CPU.Build.0 = Release|Any CPU
		{9FE38BDB-F72B-4EB3-AD46-CDABE3D598C8}.Debug|Any CPU.ActiveCfg = Debug|Any CPU
		{9FE38BDB-F72B-4EB3-AD46-CDABE3D598C8}.Debug|Any CPU.Build.0 = Debug|Any CPU
		{9FE38BDB-F72B-4EB3-AD46-CDABE3D598C8}.Release|Any CPU.ActiveCfg = Release|Any CPU
		{9FE38BDB-F72B-4EB3-AD46-CDABE3D598C8}.Release|Any CPU.Build.0 = Release|Any CPU
		{FF2C7B1F-8234-4E79-8D06-7E0DEEC12E03}.Debug|Any CPU.ActiveCfg = Debug|Any CPU
		{FF2C7B1F-8234-4E79-8D06-7E0DEEC12E03}.Debug|Any CPU.Build.0 = Debug|Any CPU
		{FF2C7B1F-8234-4E79-8D06-7E0DEEC12E03}.Release|Any CPU.ActiveCfg = Release|Any CPU
		{FF2C7B1F-8234-4E79-8D06-7E0DEEC12E03}.Release|Any CPU.Build.0 = Release|Any CPU
		{85BDFC35-90D4-46BF-84A3-6FA752713A59}.Debug|Any CPU.ActiveCfg = Debug|Any CPU
		{85BDFC35-90D4-46BF-84A3-6FA752713A59}.Debug|Any CPU.Build.0 = Debug|Any CPU
		{85BDFC35-90D4-46BF-84A3-6FA752713A59}.Release|Any CPU.ActiveCfg = Release|Any CPU
		{85BDFC35-90D4-46BF-84A3-6FA752713A59}.Release|Any CPU.Build.0 = Release|Any CPU
		{F936E4EC-8FCD-44D4-B6D9-F44AFDB0B044}.Debug|Any CPU.ActiveCfg = Debug|Any CPU
		{F936E4EC-8FCD-44D4-B6D9-F44AFDB0B044}.Debug|Any CPU.Build.0 = Debug|Any CPU
		{F936E4EC-8FCD-44D4-B6D9-F44AFDB0B044}.Release|Any CPU.ActiveCfg = Release|Any CPU
		{F936E4EC-8FCD-44D4-B6D9-F44AFDB0B044}.Release|Any CPU.Build.0 = Release|Any CPU
		{C66BFF94-D6F3-47AD-8F85-C7043794548D}.Debug|Any CPU.ActiveCfg = Debug|Any CPU
		{C66BFF94-D6F3-47AD-8F85-C7043794548D}.Debug|Any CPU.Build.0 = Debug|Any CPU
		{C66BFF94-D6F3-47AD-8F85-C7043794548D}.Release|Any CPU.ActiveCfg = Release|Any CPU
		{C66BFF94-D6F3-47AD-8F85-C7043794548D}.Release|Any CPU.Build.0 = Release|Any CPU
		{7EC41F7F-06C6-4CE3-915D-0A3EC77D34E6}.Debug|Any CPU.ActiveCfg = Debug|Any CPU
		{7EC41F7F-06C6-4CE3-915D-0A3EC77D34E6}.Debug|Any CPU.Build.0 = Debug|Any CPU
		{7EC41F7F-06C6-4CE3-915D-0A3EC77D34E6}.Release|Any CPU.ActiveCfg = Release|Any CPU
		{7EC41F7F-06C6-4CE3-915D-0A3EC77D34E6}.Release|Any CPU.Build.0 = Release|Any CPU
		{73178765-FB5B-4D34-B5AD-D3B322DB088B}.Debug|Any CPU.ActiveCfg = Debug|Any CPU
		{73178765-FB5B-4D34-B5AD-D3B322DB088B}.Debug|Any CPU.Build.0 = Debug|Any CPU
		{73178765-FB5B-4D34-B5AD-D3B322DB088B}.Release|Any CPU.ActiveCfg = Release|Any CPU
		{73178765-FB5B-4D34-B5AD-D3B322DB088B}.Release|Any CPU.Build.0 = Release|Any CPU
		{872D66A0-E0E1-468D-8746-8AA0FC6C04A8}.Debug|Any CPU.ActiveCfg = Debug|Any CPU
		{872D66A0-E0E1-468D-8746-8AA0FC6C04A8}.Debug|Any CPU.Build.0 = Debug|Any CPU
		{872D66A0-E0E1-468D-8746-8AA0FC6C04A8}.Release|Any CPU.ActiveCfg = Release|Any CPU
		{872D66A0-E0E1-468D-8746-8AA0FC6C04A8}.Release|Any CPU.Build.0 = Release|Any CPU
		{913F8E89-0432-4F09-9455-F9CF8DD9235D}.Debug|Any CPU.ActiveCfg = Debug|Any CPU
		{913F8E89-0432-4F09-9455-F9CF8DD9235D}.Debug|Any CPU.Build.0 = Debug|Any CPU
		{913F8E89-0432-4F09-9455-F9CF8DD9235D}.Release|Any CPU.ActiveCfg = Release|Any CPU
		{913F8E89-0432-4F09-9455-F9CF8DD9235D}.Release|Any CPU.Build.0 = Release|Any CPU
	EndGlobalSection
	GlobalSection(SolutionProperties) = preSolution
		HideSolutionNode = FALSE
	EndGlobalSection
	GlobalSection(NestedProjects) = preSolution
		{A97BD217-2C15-458D-ACB9-6F7511B153B3} = {DB824EDA-093A-4822-8765-565C283BA1D5}
		{D9075755-DE14-4341-9B62-4D9B65316556} = {DB824EDA-093A-4822-8765-565C283BA1D5}
		{0B03B3E8-72A2-49D1-BAAB-AB169239051B} = {DB824EDA-093A-4822-8765-565C283BA1D5}
		{7B7B6708-588C-4E8A-B6DD-531C3854EA90} = {DB824EDA-093A-4822-8765-565C283BA1D5}
		{E729181B-D9D4-4B72-A007-580736FFCF4F} = {DB824EDA-093A-4822-8765-565C283BA1D5}
		{5DD6726A-F06D-43C0-B14F-33CA4FC2A66B} = {5F57FE97-A536-423A-90F8-C89AE6775C8A}
		{18ADC592-CD19-442A-BCE0-960C2419649F} = {5F57FE97-A536-423A-90F8-C89AE6775C8A}
		{9DB77582-7751-4E28-805A-8BA87ABD1DFE} = {5F57FE97-A536-423A-90F8-C89AE6775C8A}
		{06FC087F-8854-48CA-A206-4A71CB8C68BC} = {5F57FE97-A536-423A-90F8-C89AE6775C8A}
		{267541A3-C39F-4743-9419-906C4369B964} = {5F57FE97-A536-423A-90F8-C89AE6775C8A}
		{2B7CE6BA-D616-47CA-8CAD-C09A0E6EC3F7} = {5F57FE97-A536-423A-90F8-C89AE6775C8A}
		{2AE55CB2-FB08-488B-8FE8-5407A76F3F56} = {5F57FE97-A536-423A-90F8-C89AE6775C8A}
		{014E4FAA-256B-44F8-80C2-37DA05540A3C} = {56A6B739-7BB8-415B-954C-1C95686406CE}
		{97C2E92A-1F1B-4428-A60F-ACE6DB466AAF} = {56A6B739-7BB8-415B-954C-1C95686406CE}
		{9FE38BDB-F72B-4EB3-AD46-CDABE3D598C8} = {56A6B739-7BB8-415B-954C-1C95686406CE}
		{FF2C7B1F-8234-4E79-8D06-7E0DEEC12E03} = {56A6B739-7BB8-415B-954C-1C95686406CE}
		{85BDFC35-90D4-46BF-84A3-6FA752713A59} = {56A6B739-7BB8-415B-954C-1C95686406CE}
		{F936E4EC-8FCD-44D4-B6D9-F44AFDB0B044} = {56A6B739-7BB8-415B-954C-1C95686406CE}
		{C66BFF94-D6F3-47AD-8F85-C7043794548D} = {56A6B739-7BB8-415B-954C-1C95686406CE}
		{7EC41F7F-06C6-4CE3-915D-0A3EC77D34E6} = {56A6B739-7BB8-415B-954C-1C95686406CE}
		{73178765-FB5B-4D34-B5AD-D3B322DB088B} = {56A6B739-7BB8-415B-954C-1C95686406CE}
		{872D66A0-E0E1-468D-8746-8AA0FC6C04A8} = {56A6B739-7BB8-415B-954C-1C95686406CE}
		{913F8E89-0432-4F09-9455-F9CF8DD9235D} = {56A6B739-7BB8-415B-954C-1C95686406CE}
	EndGlobalSection
	GlobalSection(ExtensibilityGlobals) = postSolution
		SolutionGuid = {A34278D8-2323-4DFF-95D9-2602A296EBF5}
	EndGlobalSection
EndGlobal
