
Microsoft Visual Studio Solution File, Format Version 12.00
# Visual Studio Version 16
VisualStudioVersion = 16.0.29519.181
MinimumVisualStudioVersion = 10.0.40219.1
Project("{2150E333-8FDC-42A3-9474-1A3956D46DE8}") = "1_Creational", "1_Creational", "{640885FD-3D77-4447-8034-7CC3A7C3A34A}"
EndProject
Project("{2150E333-8FDC-42A3-9474-1A3956D46DE8}") = "2_Structural", "2_Structural", "{41AA2A16-2077-459F-9E1F-313A4F99124C}"
EndProject
Project("{2150E333-8FDC-42A3-9474-1A3956D46DE8}") = "3_Behavioral", "3_Behavioral", "{FEEADA42-8354-4C3E-9656-E36B62A969F2}"
EndProject
Project("{9A19103F-16F7-4668-BE54-9A1E7A4F7556}") = "1_FactoryMethod", "..\FactoryMethod\1_FactoryMethod.csproj", "{EFE87B51-6D10-4AB2-BF76-9E497538A91F}"
EndProject
Project("{9A19103F-16F7-4668-BE54-9A1E7A4F7556}") = "2_AbstractFactory", "..\AbstractFactory\2_AbstractFactory.csproj", "{70D5F92D-C261-488F-822B-61940CF48131}"
EndProject
Project("{9A19103F-16F7-4668-BE54-9A1E7A4F7556}") = "3_Singleton", "..\3_Singleton\3_Singleton.csproj", "{E1E55404-7351-4596-884D-CADE9479CF17}"
EndProject
Project("{9A19103F-16F7-4668-BE54-9A1E7A4F7556}") = "4_Prototype", "..\4_Prototype\4_Prototype.csproj", "{9034D7EA-8706-407D-B9B1-CB8867037487}"
EndProject
Project("{9A19103F-16F7-4668-BE54-9A1E7A4F7556}") = "5_Builder", "5_Builder\5_Builder.csproj", "{6C16C4D7-E399-48CF-9B8B-BE25290B8D75}"
EndProject
Project("{9A19103F-16F7-4668-BE54-9A1E7A4F7556}") = "1_Adapter", "1_Adapter\1_Adapter.csproj", "{9736808D-B0E3-4B59-8994-7E9509817BB8}"
EndProject
Project("{9A19103F-16F7-4668-BE54-9A1E7A4F7556}") = "2_Bridge", "2_Bridge\2_Bridge.csproj", "{D799CADB-50F5-44F2-9AD0-8A58839218DD}"
EndProject
Project("{9A19103F-16F7-4668-BE54-9A1E7A4F7556}") = "3_Composite", "Composite\3_Composite.csproj", "{143E1CCE-B8F6-4943-AF07-FD585F43262E}"
EndProject
Project("{9A19103F-16F7-4668-BE54-9A1E7A4F7556}") = "4_Decorator", "4_Decorator\4_Decorator.csproj", "{91E3FF70-290D-4A6D-9A37-843933511985}"
EndProject
Project("{9A19103F-16F7-4668-BE54-9A1E7A4F7556}") = "5_Facade", "Facade\5_Facade.csproj", "{FB6070CB-34C9-4705-BF34-8781BE14BA61}"
EndProject
Project("{9A19103F-16F7-4668-BE54-9A1E7A4F7556}") = "6_Flyweight", "6_Flyweight\6_Flyweight.csproj", "{5B2DF2E9-0E01-496A-A28F-AB63B48147F4}"
EndProject
Project("{9A19103F-16F7-4668-BE54-9A1E7A4F7556}") = "7_Proxy", "7_Proxy\7_Proxy.csproj", "{997B9D9F-8C77-458B-8EA2-0DF388E14732}"
EndProject
Project("{9A19103F-16F7-4668-BE54-9A1E7A4F7556}") = "1_ChainOfResponsibility", "1_ChainOfResponsibility\1_ChainOfResponsibility.csproj", "{CC6A8AD0-CCC2-4CDB-BA07-C91E1E04A419}"
EndProject
Project("{9A19103F-16F7-4668-BE54-9A1E7A4F7556}") = "2_Command", "2_Command\2_Command.csproj", "{359BD60B-2739-4F2A-9019-40D26C95D9A1}"
EndProject
Project("{9A19103F-16F7-4668-BE54-9A1E7A4F7556}") = "3_Interpreter", "3_Interpreter\3_Interpreter.csproj", "{84A86081-12EB-4B67-9CC5-35D648B2AEA2}"
EndProject
Project("{9A19103F-16F7-4668-BE54-9A1E7A4F7556}") = "4_Mediator", "4_Mediator\4_Mediator.csproj", "{53762A93-263A-4C6A-9753-5EE1FBA8F16F}"
EndProject
Project("{9A19103F-16F7-4668-BE54-9A1E7A4F7556}") = "5_Memento", "5_Memento\5_Memento.csproj", "{B6C28A1D-AF51-4CA2-8F1F-D1518A47D555}"
EndProject
Project("{FAE04EC0-301F-11D3-BF4B-00C04F79EFBC}") = "6_Observer", "6_Observer\6_Observer.csproj", "{EB86C58B-A190-4198-BB44-80E8225F94B6}"
EndProject
Project("{FAE04EC0-301F-11D3-BF4B-00C04F79EFBC}") = "7_State", "7_State\7_State.csproj", "{C25EC3CE-E12B-4E0B-B6C0-3E3D67272C25}"
EndProject
Project("{FAE04EC0-301F-11D3-BF4B-00C04F79EFBC}") = "8_Strategy", "8_Strategy\8_Strategy.csproj", "{340F2CE8-753F-4D53-A2F7-D9AE8495C0B1}"
EndProject
Project("{FAE04EC0-301F-11D3-BF4B-00C04F79EFBC}") = "9_TemplateMethod", "TemplateMethod\9_TemplateMethod.csproj", "{6BFB6C2A-1FD7-4923-B397-F961C23EE94B}"
EndProject
Project("{FAE04EC0-301F-11D3-BF4B-00C04F79EFBC}") = "10_Visitor", "10_Visitor\10_Visitor.csproj", "{8371B605-7A01-427E-BE62-59953B33B1D7}"
EndProject
Project("{FAE04EC0-301F-11D3-BF4B-00C04F79EFBC}") = "11_Iterator", "11_Iterator\11_Iterator.csproj", "{9A82A1A4-D89A-4B94-AC50-84A5E5555300}"
EndProject
Global
	GlobalSection(SolutionConfigurationPlatforms) = preSolution
		Debug|Any CPU = Debug|Any CPU
		Release|Any CPU = Release|Any CPU
	EndGlobalSection
	GlobalSection(ProjectConfigurationPlatforms) = postSolution
		{EFE87B51-6D10-4AB2-BF76-9E497538A91F}.Debug|Any CPU.ActiveCfg = Debug|Any CPU
		{EFE87B51-6D10-4AB2-BF76-9E497538A91F}.Debug|Any CPU.Build.0 = Debug|Any CPU
		{EFE87B51-6D10-4AB2-BF76-9E497538A91F}.Release|Any CPU.ActiveCfg = Release|Any CPU
		{EFE87B51-6D10-4AB2-BF76-9E497538A91F}.Release|Any CPU.Build.0 = Release|Any CPU
		{70D5F92D-C261-488F-822B-61940CF48131}.Debug|Any CPU.ActiveCfg = Debug|Any CPU
		{70D5F92D-C261-488F-822B-61940CF48131}.Debug|Any CPU.Build.0 = Debug|Any CPU
		{70D5F92D-C261-488F-822B-61940CF48131}.Release|Any CPU.ActiveCfg = Release|Any CPU
		{70D5F92D-C261-488F-822B-61940CF48131}.Release|Any CPU.Build.0 = Release|Any CPU
		{E1E55404-7351-4596-884D-CADE9479CF17}.Debug|Any CPU.ActiveCfg = Debug|Any CPU
		{E1E55404-7351-4596-884D-CADE9479CF17}.Debug|Any CPU.Build.0 = Debug|Any CPU
		{E1E55404-7351-4596-884D-CADE9479CF17}.Release|Any CPU.ActiveCfg = Release|Any CPU
		{E1E55404-7351-4596-884D-CADE9479CF17}.Release|Any CPU.Build.0 = Release|Any CPU
		{9034D7EA-8706-407D-B9B1-CB8867037487}.Debug|Any CPU.ActiveCfg = Debug|Any CPU
		{9034D7EA-8706-407D-B9B1-CB8867037487}.Debug|Any CPU.Build.0 = Debug|Any CPU
		{9034D7EA-8706-407D-B9B1-CB8867037487}.Release|Any CPU.ActiveCfg = Release|Any CPU
		{9034D7EA-8706-407D-B9B1-CB8867037487}.Release|Any CPU.Build.0 = Release|Any CPU
		{6C16C4D7-E399-48CF-9B8B-BE25290B8D75}.Debug|Any CPU.ActiveCfg = Debug|Any CPU
		{6C16C4D7-E399-48CF-9B8B-BE25290B8D75}.Debug|Any CPU.Build.0 = Debug|Any CPU
		{6C16C4D7-E399-48CF-9B8B-BE25290B8D75}.Release|Any CPU.ActiveCfg = Release|Any CPU
		{6C16C4D7-E399-48CF-9B8B-BE25290B8D75}.Release|Any CPU.Build.0 = Release|Any CPU
		{9736808D-B0E3-4B59-8994-7E9509817BB8}.Debug|Any CPU.ActiveCfg = Debug|Any CPU
		{9736808D-B0E3-4B59-8994-7E9509817BB8}.Debug|Any CPU.Build.0 = Debug|Any CPU
		{9736808D-B0E3-4B59-8994-7E9509817BB8}.Release|Any CPU.ActiveCfg = Release|Any CPU
		{9736808D-B0E3-4B59-8994-7E9509817BB8}.Release|Any CPU.Build.0 = Release|Any CPU
		{D799CADB-50F5-44F2-9AD0-8A58839218DD}.Debug|Any CPU.ActiveCfg = Debug|Any CPU
		{D799CADB-50F5-44F2-9AD0-8A58839218DD}.Debug|Any CPU.Build.0 = Debug|Any CPU
		{D799CADB-50F5-44F2-9AD0-8A58839218DD}.Release|Any CPU.ActiveCfg = Release|Any CPU
		{D799CADB-50F5-44F2-9AD0-8A58839218DD}.Release|Any CPU.Build.0 = Release|Any CPU
		{143E1CCE-B8F6-4943-AF07-FD585F43262E}.Debug|Any CPU.ActiveCfg = Debug|Any CPU
		{143E1CCE-B8F6-4943-AF07-FD585F43262E}.Debug|Any CPU.Build.0 = Debug|Any CPU
		{143E1CCE-B8F6-4943-AF07-FD585F43262E}.Release|Any CPU.ActiveCfg = Release|Any CPU
		{143E1CCE-B8F6-4943-AF07-FD585F43262E}.Release|Any CPU.Build.0 = Release|Any CPU
		{91E3FF70-290D-4A6D-9A37-843933511985}.Debug|Any CPU.ActiveCfg = Debug|Any CPU
		{91E3FF70-290D-4A6D-9A37-843933511985}.Debug|Any CPU.Build.0 = Debug|Any CPU
		{91E3FF70-290D-4A6D-9A37-843933511985}.Release|Any CPU.ActiveCfg = Release|Any CPU
		{91E3FF70-290D-4A6D-9A37-843933511985}.Release|Any CPU.Build.0 = Release|Any CPU
		{FB6070CB-34C9-4705-BF34-8781BE14BA61}.Debug|Any CPU.ActiveCfg = Debug|Any CPU
		{FB6070CB-34C9-4705-BF34-8781BE14BA61}.Debug|Any CPU.Build.0 = Debug|Any CPU
		{FB6070CB-34C9-4705-BF34-8781BE14BA61}.Release|Any CPU.ActiveCfg = Release|Any CPU
		{FB6070CB-34C9-4705-BF34-8781BE14BA61}.Release|Any CPU.Build.0 = Release|Any CPU
		{5B2DF2E9-0E01-496A-A28F-AB63B48147F4}.Debug|Any CPU.ActiveCfg = Debug|Any CPU
		{5B2DF2E9-0E01-496A-A28F-AB63B48147F4}.Debug|Any CPU.Build.0 = Debug|Any CPU
		{5B2DF2E9-0E01-496A-A28F-AB63B48147F4}.Release|Any CPU.ActiveCfg = Release|Any CPU
		{5B2DF2E9-0E01-496A-A28F-AB63B48147F4}.Release|Any CPU.Build.0 = Release|Any CPU
		{997B9D9F-8C77-458B-8EA2-0DF388E14732}.Debug|Any CPU.ActiveCfg = Debug|Any CPU
		{997B9D9F-8C77-458B-8EA2-0DF388E14732}.Debug|Any CPU.Build.0 = Debug|Any CPU
		{997B9D9F-8C77-458B-8EA2-0DF388E14732}.Release|Any CPU.ActiveCfg = Release|Any CPU
		{997B9D9F-8C77-458B-8EA2-0DF388E14732}.Release|Any CPU.Build.0 = Release|Any CPU
		{CC6A8AD0-CCC2-4CDB-BA07-C91E1E04A419}.Debug|Any CPU.ActiveCfg = Debug|Any CPU
		{CC6A8AD0-CCC2-4CDB-BA07-C91E1E04A419}.Debug|Any CPU.Build.0 = Debug|Any CPU
		{CC6A8AD0-CCC2-4CDB-BA07-C91E1E04A419}.Release|Any CPU.ActiveCfg = Release|Any CPU
		{CC6A8AD0-CCC2-4CDB-BA07-C91E1E04A419}.Release|Any CPU.Build.0 = Release|Any CPU
		{359BD60B-2739-4F2A-9019-40D26C95D9A1}.Debug|Any CPU.ActiveCfg = Debug|Any CPU
		{359BD60B-2739-4F2A-9019-40D26C95D9A1}.Debug|Any CPU.Build.0 = Debug|Any CPU
		{359BD60B-2739-4F2A-9019-40D26C95D9A1}.Release|Any CPU.ActiveCfg = Release|Any CPU
		{359BD60B-2739-4F2A-9019-40D26C95D9A1}.Release|Any CPU.Build.0 = Release|Any CPU
		{84A86081-12EB-4B67-9CC5-35D648B2AEA2}.Debug|Any CPU.ActiveCfg = Debug|Any CPU
		{84A86081-12EB-4B67-9CC5-35D648B2AEA2}.Debug|Any CPU.Build.0 = Debug|Any CPU
		{84A86081-12EB-4B67-9CC5-35D648B2AEA2}.Release|Any CPU.ActiveCfg = Release|Any CPU
		{84A86081-12EB-4B67-9CC5-35D648B2AEA2}.Release|Any CPU.Build.0 = Release|Any CPU
		{53762A93-263A-4C6A-9753-5EE1FBA8F16F}.Debug|Any CPU.ActiveCfg = Debug|Any CPU
		{53762A93-263A-4C6A-9753-5EE1FBA8F16F}.Debug|Any CPU.Build.0 = Debug|Any CPU
		{53762A93-263A-4C6A-9753-5EE1FBA8F16F}.Release|Any CPU.ActiveCfg = Release|Any CPU
		{53762A93-263A-4C6A-9753-5EE1FBA8F16F}.Release|Any CPU.Build.0 = Release|Any CPU
		{B6C28A1D-AF51-4CA2-8F1F-D1518A47D555}.Debug|Any CPU.ActiveCfg = Debug|Any CPU
		{B6C28A1D-AF51-4CA2-8F1F-D1518A47D555}.Debug|Any CPU.Build.0 = Debug|Any CPU
		{B6C28A1D-AF51-4CA2-8F1F-D1518A47D555}.Release|Any CPU.ActiveCfg = Release|Any CPU
		{B6C28A1D-AF51-4CA2-8F1F-D1518A47D555}.Release|Any CPU.Build.0 = Release|Any CPU
		{EB86C58B-A190-4198-BB44-80E8225F94B6}.Debug|Any CPU.ActiveCfg = Debug|Any CPU
		{EB86C58B-A190-4198-BB44-80E8225F94B6}.Debug|Any CPU.Build.0 = Debug|Any CPU
		{EB86C58B-A190-4198-BB44-80E8225F94B6}.Release|Any CPU.ActiveCfg = Release|Any CPU
		{EB86C58B-A190-4198-BB44-80E8225F94B6}.Release|Any CPU.Build.0 = Release|Any CPU
		{C25EC3CE-E12B-4E0B-B6C0-3E3D67272C25}.Debug|Any CPU.ActiveCfg = Debug|Any CPU
		{C25EC3CE-E12B-4E0B-B6C0-3E3D67272C25}.Debug|Any CPU.Build.0 = Debug|Any CPU
		{C25EC3CE-E12B-4E0B-B6C0-3E3D67272C25}.Release|Any CPU.ActiveCfg = Release|Any CPU
		{C25EC3CE-E12B-4E0B-B6C0-3E3D67272C25}.Release|Any CPU.Build.0 = Release|Any CPU
		{340F2CE8-753F-4D53-A2F7-D9AE8495C0B1}.Debug|Any CPU.ActiveCfg = Debug|Any CPU
		{340F2CE8-753F-4D53-A2F7-D9AE8495C0B1}.Debug|Any CPU.Build.0 = Debug|Any CPU
		{340F2CE8-753F-4D53-A2F7-D9AE8495C0B1}.Release|Any CPU.ActiveCfg = Release|Any CPU
		{340F2CE8-753F-4D53-A2F7-D9AE8495C0B1}.Release|Any CPU.Build.0 = Release|Any CPU
		{6BFB6C2A-1FD7-4923-B397-F961C23EE94B}.Debug|Any CPU.ActiveCfg = Debug|Any CPU
		{6BFB6C2A-1FD7-4923-B397-F961C23EE94B}.Debug|Any CPU.Build.0 = Debug|Any CPU
		{6BFB6C2A-1FD7-4923-B397-F961C23EE94B}.Release|Any CPU.ActiveCfg = Release|Any CPU
		{6BFB6C2A-1FD7-4923-B397-F961C23EE94B}.Release|Any CPU.Build.0 = Release|Any CPU
		{8371B605-7A01-427E-BE62-59953B33B1D7}.Debug|Any CPU.ActiveCfg = Debug|Any CPU
		{8371B605-7A01-427E-BE62-59953B33B1D7}.Debug|Any CPU.Build.0 = Debug|Any CPU
		{8371B605-7A01-427E-BE62-59953B33B1D7}.Release|Any CPU.ActiveCfg = Release|Any CPU
		{8371B605-7A01-427E-BE62-59953B33B1D7}.Release|Any CPU.Build.0 = Release|Any CPU
		{9A82A1A4-D89A-4B94-AC50-84A5E5555300}.Debug|Any CPU.ActiveCfg = Debug|Any CPU
		{9A82A1A4-D89A-4B94-AC50-84A5E5555300}.Debug|Any CPU.Build.0 = Debug|Any CPU
		{9A82A1A4-D89A-4B94-AC50-84A5E5555300}.Release|Any CPU.ActiveCfg = Release|Any CPU
		{9A82A1A4-D89A-4B94-AC50-84A5E5555300}.Release|Any CPU.Build.0 = Release|Any CPU
	EndGlobalSection
	GlobalSection(SolutionProperties) = preSolution
		HideSolutionNode = FALSE
	EndGlobalSection
	GlobalSection(NestedProjects) = preSolution
		{EFE87B51-6D10-4AB2-BF76-9E497538A91F} = {640885FD-3D77-4447-8034-7CC3A7C3A34A}
		{70D5F92D-C261-488F-822B-61940CF48131} = {640885FD-3D77-4447-8034-7CC3A7C3A34A}
		{E1E55404-7351-4596-884D-CADE9479CF17} = {640885FD-3D77-4447-8034-7CC3A7C3A34A}
		{9034D7EA-8706-407D-B9B1-CB8867037487} = {640885FD-3D77-4447-8034-7CC3A7C3A34A}
		{6C16C4D7-E399-48CF-9B8B-BE25290B8D75} = {640885FD-3D77-4447-8034-7CC3A7C3A34A}
		{9736808D-B0E3-4B59-8994-7E9509817BB8} = {41AA2A16-2077-459F-9E1F-313A4F99124C}
		{D799CADB-50F5-44F2-9AD0-8A58839218DD} = {41AA2A16-2077-459F-9E1F-313A4F99124C}
		{143E1CCE-B8F6-4943-AF07-FD585F43262E} = {41AA2A16-2077-459F-9E1F-313A4F99124C}
		{91E3FF70-290D-4A6D-9A37-843933511985} = {41AA2A16-2077-459F-9E1F-313A4F99124C}
		{FB6070CB-34C9-4705-BF34-8781BE14BA61} = {41AA2A16-2077-459F-9E1F-313A4F99124C}
		{5B2DF2E9-0E01-496A-A28F-AB63B48147F4} = {41AA2A16-2077-459F-9E1F-313A4F99124C}
		{997B9D9F-8C77-458B-8EA2-0DF388E14732} = {41AA2A16-2077-459F-9E1F-313A4F99124C}
		{CC6A8AD0-CCC2-4CDB-BA07-C91E1E04A419} = {FEEADA42-8354-4C3E-9656-E36B62A969F2}
		{359BD60B-2739-4F2A-9019-40D26C95D9A1} = {FEEADA42-8354-4C3E-9656-E36B62A969F2}
		{84A86081-12EB-4B67-9CC5-35D648B2AEA2} = {FEEADA42-8354-4C3E-9656-E36B62A969F2}
		{53762A93-263A-4C6A-9753-5EE1FBA8F16F} = {FEEADA42-8354-4C3E-9656-E36B62A969F2}
		{B6C28A1D-AF51-4CA2-8F1F-D1518A47D555} = {FEEADA42-8354-4C3E-9656-E36B62A969F2}
		{EB86C58B-A190-4198-BB44-80E8225F94B6} = {FEEADA42-8354-4C3E-9656-E36B62A969F2}
		{C25EC3CE-E12B-4E0B-B6C0-3E3D67272C25} = {FEEADA42-8354-4C3E-9656-E36B62A969F2}
		{340F2CE8-753F-4D53-A2F7-D9AE8495C0B1} = {FEEADA42-8354-4C3E-9656-E36B62A969F2}
		{6BFB6C2A-1FD7-4923-B397-F961C23EE94B} = {FEEADA42-8354-4C3E-9656-E36B62A969F2}
		{8371B605-7A01-427E-BE62-59953B33B1D7} = {FEEADA42-8354-4C3E-9656-E36B62A969F2}
		{9A82A1A4-D89A-4B94-AC50-84A5E5555300} = {FEEADA42-8354-4C3E-9656-E36B62A969F2}
	EndGlobalSection
	GlobalSection(ExtensibilityGlobals) = postSolution
		SolutionGuid = {A34278D8-2323-4DFF-95D9-2602A296EBF5}
	EndGlobalSection
EndGlobal
